// !$*UTF8*$!
{
	archiveVersion = 1;
	classes = {
	};
	objectVersion = 50;
	objects = {

/* Begin PBXBuildFile section */
		27A4DADD21B7785E00DC41A9 /* AppDelegate.swift in Sources */ = {isa = PBXBuildFile; fileRef = 27A4DADC21B7785E00DC41A9 /* AppDelegate.swift */; };
		27A4DADF21B7785E00DC41A9 /* ViewController.swift in Sources */ = {isa = PBXBuildFile; fileRef = 27A4DADE21B7785E00DC41A9 /* ViewController.swift */; };
		27A4DAE221B7785E00DC41A9 /* Main.storyboard in Resources */ = {isa = PBXBuildFile; fileRef = 27A4DAE021B7785E00DC41A9 /* Main.storyboard */; };
		27A4DAE421B7785F00DC41A9 /* Assets.xcassets in Resources */ = {isa = PBXBuildFile; fileRef = 27A4DAE321B7785F00DC41A9 /* Assets.xcassets */; };
		27A4DAE721B7785F00DC41A9 /* LaunchScreen.storyboard in Resources */ = {isa = PBXBuildFile; fileRef = 27A4DAE521B7785F00DC41A9 /* LaunchScreen.storyboard */; };
		27A4DAEF21B7788300DC41A9 /* getjson.swift in Sources */ = {isa = PBXBuildFile; fileRef = 27A4DAEE21B7788300DC41A9 /* getjson.swift */; };
		27A4DAF121B7C0BC00DC41A9 /* color.swift in Sources */ = {isa = PBXBuildFile; fileRef = 27A4DAF021B7C0BC00DC41A9 /* color.swift */; };
		27F6293821C0E71800AC9C93 /* Tab_Linechart.swift in Sources */ = {isa = PBXBuildFile; fileRef = 27F6293721C0E71800AC9C93 /* Tab_Linechart.swift */; };
		27F6293A21C13C3E00AC9C93 /* Tab_Distributionchart.swift in Sources */ = {isa = PBXBuildFile; fileRef = 27F6293921C13C3E00AC9C93 /* Tab_Distributionchart.swift */; };
		27F6294921C2627700AC9C93 /* Charts.framework in Frameworks */ = {isa = PBXBuildFile; fileRef = 27F6294121C2139600AC9C93 /* Charts.framework */; };
		27F6294A21C2627700AC9C93 /* Charts.framework in Embed Frameworks */ = {isa = PBXBuildFile; fileRef = 27F6294121C2139600AC9C93 /* Charts.framework */; settings = {ATTRIBUTES = (CodeSignOnCopy, RemoveHeadersOnCopy, ); }; };
		27FA619D21BEB49000D8F68F /* TabBar.swift in Sources */ = {isa = PBXBuildFile; fileRef = 27FA619C21BEB49000D8F68F /* TabBar.swift */; };
		27FA619F21BF427900D8F68F /* Tab_Logout.swift in Sources */ = {isa = PBXBuildFile; fileRef = 27FA619E21BF427900D8F68F /* Tab_Logout.swift */; };
		27FA61A121BF496400D8F68F /* Tab_Home.swift in Sources */ = {isa = PBXBuildFile; fileRef = 27FA61A021BF496400D8F68F /* Tab_Home.swift */; };
		27FB240921B83FA5005EE82F /* Images.xcassets in Resources */ = {isa = PBXBuildFile; fileRef = 27FB240821B83FA5005EE82F /* Images.xcassets */; };
/* End PBXBuildFile section */

/* Begin PBXContainerItemProxy section */
		27F6294021C2139600AC9C93 /* PBXContainerItemProxy */ = {
			isa = PBXContainerItemProxy;
			containerPortal = 27F6293B21C2139500AC9C93 /* Charts.xcodeproj */;
			proxyType = 2;
			remoteGlobalIDString = 65AD9E95D9ED4DC0BD73A743;
			remoteInfo = Charts;
		};
		27F6294221C2139600AC9C93 /* PBXContainerItemProxy */ = {
			isa = PBXContainerItemProxy;
			containerPortal = 27F6293B21C2139500AC9C93 /* Charts.xcodeproj */;
			proxyType = 2;
			remoteGlobalIDString = 1CBBC58C6CE1EBEE9852CE41;
			remoteInfo = ChartsTests;
		};
		27F6294B21C2627700AC9C93 /* PBXContainerItemProxy */ = {
			isa = PBXContainerItemProxy;
			containerPortal = 27F6293B21C2139500AC9C93 /* Charts.xcodeproj */;
			proxyType = 1;
			remoteGlobalIDString = A58A4ED274A941CA248EA921;
			remoteInfo = Charts;
		};
/* End PBXContainerItemProxy section */

/* Begin PBXCopyFilesBuildPhase section */
		27F6294D21C2627700AC9C93 /* Embed Frameworks */ = {
			isa = PBXCopyFilesBuildPhase;
			buildActionMask = 2147483647;
			dstPath = "";
			dstSubfolderSpec = 10;
			files = (
				27F6294A21C2627700AC9C93 /* Charts.framework in Embed Frameworks */,
			);
			name = "Embed Frameworks";
			runOnlyForDeploymentPostprocessing = 0;
		};
/* End PBXCopyFilesBuildPhase section */

/* Begin PBXFileReference section */
		27A4DAD921B7785E00DC41A9 /* iot.app */ = {isa = PBXFileReference; explicitFileType = wrapper.application; includeInIndex = 0; path = iot.app; sourceTree = BUILT_PRODUCTS_DIR; };
		27A4DADC21B7785E00DC41A9 /* AppDelegate.swift */ = {isa = PBXFileReference; lastKnownFileType = sourcecode.swift; path = AppDelegate.swift; sourceTree = "<group>"; };
		27A4DADE21B7785E00DC41A9 /* ViewController.swift */ = {isa = PBXFileReference; lastKnownFileType = sourcecode.swift; path = ViewController.swift; sourceTree = "<group>"; };
		27A4DAE121B7785E00DC41A9 /* Base */ = {isa = PBXFileReference; lastKnownFileType = file.storyboard; name = Base; path = Base.lproj/Main.storyboard; sourceTree = "<group>"; };
		27A4DAE321B7785F00DC41A9 /* Assets.xcassets */ = {isa = PBXFileReference; lastKnownFileType = folder.assetcatalog; path = Assets.xcassets; sourceTree = "<group>"; };
		27A4DAE621B7785F00DC41A9 /* Base */ = {isa = PBXFileReference; lastKnownFileType = file.storyboard; name = Base; path = Base.lproj/LaunchScreen.storyboard; sourceTree = "<group>"; };
		27A4DAE821B7785F00DC41A9 /* Info.plist */ = {isa = PBXFileReference; lastKnownFileType = text.plist.xml; path = Info.plist; sourceTree = "<group>"; };
		27A4DAEE21B7788300DC41A9 /* getjson.swift */ = {isa = PBXFileReference; lastKnownFileType = sourcecode.swift; path = getjson.swift; sourceTree = "<group>"; };
		27A4DAF021B7C0BC00DC41A9 /* color.swift */ = {isa = PBXFileReference; lastKnownFileType = sourcecode.swift; path = color.swift; sourceTree = "<group>"; };
		27F6293721C0E71800AC9C93 /* Tab_Linechart.swift */ = {isa = PBXFileReference; lastKnownFileType = sourcecode.swift; path = Tab_Linechart.swift; sourceTree = "<group>"; };
		27F6293921C13C3E00AC9C93 /* Tab_Distributionchart.swift */ = {isa = PBXFileReference; lastKnownFileType = sourcecode.swift; path = Tab_Distributionchart.swift; sourceTree = "<group>"; };
		27F6293B21C2139500AC9C93 /* Charts.xcodeproj */ = {isa = PBXFileReference; lastKnownFileType = "wrapper.pb-project"; name = Charts.xcodeproj; path = "../../../Downloads/Charts-master/Charts.xcodeproj"; sourceTree = "<group>"; };
		27FA619C21BEB49000D8F68F /* TabBar.swift */ = {isa = PBXFileReference; lastKnownFileType = sourcecode.swift; path = TabBar.swift; sourceTree = "<group>"; };
		27FA619E21BF427900D8F68F /* Tab_Logout.swift */ = {isa = PBXFileReference; lastKnownFileType = sourcecode.swift; path = Tab_Logout.swift; sourceTree = "<group>"; };
		27FA61A021BF496400D8F68F /* Tab_Home.swift */ = {isa = PBXFileReference; lastKnownFileType = sourcecode.swift; path = Tab_Home.swift; sourceTree = "<group>"; };
		27FB240821B83FA5005EE82F /* Images.xcassets */ = {isa = PBXFileReference; lastKnownFileType = folder.assetcatalog; path = Images.xcassets; sourceTree = "<group>"; };
/* End PBXFileReference section */

/* Begin PBXFrameworksBuildPhase section */
		27A4DAD621B7785E00DC41A9 /* Frameworks */ = {
			isa = PBXFrameworksBuildPhase;
			buildActionMask = 2147483647;
			files = (
				27F6294921C2627700AC9C93 /* Charts.framework in Frameworks */,
			);
			runOnlyForDeploymentPostprocessing = 0;
		};
/* End PBXFrameworksBuildPhase section */

/* Begin PBXGroup section */
		27A4DAD021B7785E00DC41A9 = {
			isa = PBXGroup;
			children = (
				27F6293B21C2139500AC9C93 /* Charts.xcodeproj */,
				27A4DADB21B7785E00DC41A9 /* iot */,
				27A4DADA21B7785E00DC41A9 /* Products */,
			);
			sourceTree = "<group>";
		};
		27A4DADA21B7785E00DC41A9 /* Products */ = {
			isa = PBXGroup;
			children = (
				27A4DAD921B7785E00DC41A9 /* iot.app */,
			);
			name = Products;
			sourceTree = "<group>";
		};
		27A4DADB21B7785E00DC41A9 /* iot */ = {
			isa = PBXGroup;
			children = (
				27A4DADC21B7785E00DC41A9 /* AppDelegate.swift */,
				27A4DADE21B7785E00DC41A9 /* ViewController.swift */,
				27FB240821B83FA5005EE82F /* Images.xcassets */,
				27A4DAF021B7C0BC00DC41A9 /* color.swift */,
				27A4DAE021B7785E00DC41A9 /* Main.storyboard */,
				27F6293721C0E71800AC9C93 /* Tab_Linechart.swift */,
				27F6293921C13C3E00AC9C93 /* Tab_Distributionchart.swift */,
				27FA61A021BF496400D8F68F /* Tab_Home.swift */,
				27FA619E21BF427900D8F68F /* Tab_Logout.swift */,
				27FA619C21BEB49000D8F68F /* TabBar.swift */,
				27A4DAE321B7785F00DC41A9 /* Assets.xcassets */,
				27A4DAE521B7785F00DC41A9 /* LaunchScreen.storyboard */,
				27A4DAE821B7785F00DC41A9 /* Info.plist */,
				27A4DAEE21B7788300DC41A9 /* getjson.swift */,
			);
			path = iot;
			sourceTree = "<group>";
		};
		27F6293C21C2139500AC9C93 /* Products */ = {
			isa = PBXGroup;
			children = (
				27F6294121C2139600AC9C93 /* Charts.framework */,
				27F6294321C2139600AC9C93 /* ChartsTests.xctest */,
			);
			name = Products;
			sourceTree = "<group>";
		};
/* End PBXGroup section */

/* Begin PBXNativeTarget section */
		27A4DAD821B7785E00DC41A9 /* iot */ = {
			isa = PBXNativeTarget;
			buildConfigurationList = 27A4DAEB21B7785F00DC41A9 /* Build configuration list for PBXNativeTarget "iot" */;
			buildPhases = (
				27A4DAD521B7785E00DC41A9 /* Sources */,
				27A4DAD621B7785E00DC41A9 /* Frameworks */,
				27A4DAD721B7785E00DC41A9 /* Resources */,
				27F6294D21C2627700AC9C93 /* Embed Frameworks */,
			);
			buildRules = (
			);
			dependencies = (
				27F6294C21C2627700AC9C93 /* PBXTargetDependency */,
			);
			name = iot;
			productName = iot;
			productReference = 27A4DAD921B7785E00DC41A9 /* iot.app */;
			productType = "com.apple.product-type.application";
		};
/* End PBXNativeTarget section */

/* Begin PBXProject section */
		27A4DAD121B7785E00DC41A9 /* Project object */ = {
			isa = PBXProject;
			attributes = {
				LastSwiftUpdateCheck = 1010;
				LastUpgradeCheck = 1010;
				ORGANIZATIONNAME = "Le Thanh";
				TargetAttributes = {
					27A4DAD821B7785E00DC41A9 = {
						CreatedOnToolsVersion = 10.1;
					};
				};
			};
			buildConfigurationList = 27A4DAD421B7785E00DC41A9 /* Build configuration list for PBXProject "iot" */;
			compatibilityVersion = "Xcode 9.3";
			developmentRegion = en;
			hasScannedForEncodings = 0;
			knownRegions = (
				en,
				Base,
			);
			mainGroup = 27A4DAD021B7785E00DC41A9;
			productRefGroup = 27A4DADA21B7785E00DC41A9 /* Products */;
			projectDirPath = "";
			projectReferences = (
				{
					ProductGroup = 27F6293C21C2139500AC9C93 /* Products */;
					ProjectRef = 27F6293B21C2139500AC9C93 /* Charts.xcodeproj */;
				},
			);
			projectRoot = "";
			targets = (
				27A4DAD821B7785E00DC41A9 /* iot */,
			);
		};
/* End PBXProject section */

/* Begin PBXReferenceProxy section */
		27F6294121C2139600AC9C93 /* Charts.framework */ = {
			isa = PBXReferenceProxy;
			fileType = wrapper.framework;
			path = Charts.framework;
			remoteRef = 27F6294021C2139600AC9C93 /* PBXContainerItemProxy */;
			sourceTree = BUILT_PRODUCTS_DIR;
		};
		27F6294321C2139600AC9C93 /* ChartsTests.xctest */ = {
			isa = PBXReferenceProxy;
			fileType = wrapper.cfbundle;
			path = ChartsTests.xctest;
			remoteRef = 27F6294221C2139600AC9C93 /* PBXContainerItemProxy */;
			sourceTree = BUILT_PRODUCTS_DIR;
		};
/* End PBXReferenceProxy section */

/* Begin PBXResourcesBuildPhase section */
		27A4DAD721B7785E00DC41A9 /* Resources */ = {
			isa = PBXResourcesBuildPhase;
			buildActionMask = 2147483647;
			files = (
				27A4DAE721B7785F00DC41A9 /* LaunchScreen.storyboard in Resources */,
				27FB240921B83FA5005EE82F /* Images.xcassets in Resources */,
				27A4DAE421B7785F00DC41A9 /* Assets.xcassets in Resources */,
				27A4DAE221B7785E00DC41A9 /* Main.storyboard in Resources */,
			);
			runOnlyForDeploymentPostprocessing = 0;
		};
/* End PBXResourcesBuildPhase section */

/* Begin PBXSourcesBuildPhase section */
		27A4DAD521B7785E00DC41A9 /* Sources */ = {
			isa = PBXSourcesBuildPhase;
			buildActionMask = 2147483647;
			files = (
				27F6293A21C13C3E00AC9C93 /* Tab_Distributionchart.swift in Sources */,
				27A4DAEF21B7788300DC41A9 /* getjson.swift in Sources */,
				27A4DAF121B7C0BC00DC41A9 /* color.swift in Sources */,
				27FA61A121BF496400D8F68F /* Tab_Home.swift in Sources */,
				27A4DADF21B7785E00DC41A9 /* ViewController.swift in Sources */,
				27A4DADD21B7785E00DC41A9 /* AppDelegate.swift in Sources */,
				27FA619D21BEB49000D8F68F /* TabBar.swift in Sources */,
				27F6293821C0E71800AC9C93 /* Tab_Linechart.swift in Sources */,
				27FA619F21BF427900D8F68F /* Tab_Logout.swift in Sources */,
			);
			runOnlyForDeploymentPostprocessing = 0;
		};
/* End PBXSourcesBuildPhase section */

/* Begin PBXTargetDependency section */
		27F6294C21C2627700AC9C93 /* PBXTargetDependency */ = {
			isa = PBXTargetDependency;
			name = Charts;
			targetProxy = 27F6294B21C2627700AC9C93 /* PBXContainerItemProxy */;
		};
/* End PBXTargetDependency section */

/* Begin PBXVariantGroup section */
		27A4DAE021B7785E00DC41A9 /* Main.storyboard */ = {
			isa = PBXVariantGroup;
			children = (
				27A4DAE121B7785E00DC41A9 /* Base */,
			);
			name = Main.storyboard;
			sourceTree = "<group>";
		};
		27A4DAE521B7785F00DC41A9 /* LaunchScreen.storyboard */ = {
			isa = PBXVariantGroup;
			children = (
				27A4DAE621B7785F00DC41A9 /* Base */,
			);
			name = LaunchScreen.storyboard;
			sourceTree = "<group>";
		};
/* End PBXVariantGroup section */

/* Begin XCBuildConfiguration section */
		27A4DAE921B7785F00DC41A9 /* Debug */ = {
			isa = XCBuildConfiguration;
			buildSettings = {
				ALWAYS_SEARCH_USER_PATHS = NO;
				CLANG_ANALYZER_NONNULL = YES;
				CLANG_ANALYZER_NUMBER_OBJECT_CONVERSION = YES_AGGRESSIVE;
				CLANG_CXX_LANGUAGE_STANDARD = "gnu++14";
				CLANG_CXX_LIBRARY = "libc++";
				CLANG_ENABLE_MODULES = YES;
				CLANG_ENABLE_OBJC_ARC = YES;
				CLANG_ENABLE_OBJC_WEAK = YES;
				CLANG_WARN_BLOCK_CAPTURE_AUTORELEASING = YES;
				CLANG_WARN_BOOL_CONVERSION = YES;
				CLANG_WARN_COMMA = YES;
				CLANG_WARN_CONSTANT_CONVERSION = YES;
				CLANG_WARN_DEPRECATED_OBJC_IMPLEMENTATIONS = YES;
				CLANG_WARN_DIRECT_OBJC_ISA_USAGE = YES_ERROR;
				CLANG_WARN_DOCUMENTATION_COMMENTS = YES;
				CLANG_WARN_EMPTY_BODY = YES;
				CLANG_WARN_ENUM_CONVERSION = YES;
				CLANG_WARN_INFINITE_RECURSION = YES;
				CLANG_WARN_INT_CONVERSION = YES;
				CLANG_WARN_NON_LITERAL_NULL_CONVERSION = YES;
				CLANG_WARN_OBJC_IMPLICIT_RETAIN_SELF = YES;
				CLANG_WARN_OBJC_LITERAL_CONVERSION = YES;
				CLANG_WARN_OBJC_ROOT_CLASS = YES_ERROR;
				CLANG_WARN_RANGE_LOOP_ANALYSIS = YES;
				CLANG_WARN_STRICT_PROTOTYPES = YES;
				CLANG_WARN_SUSPICIOUS_MOVE = YES;
				CLANG_WARN_UNGUARDED_AVAILABILITY = YES_AGGRESSIVE;
				CLANG_WARN_UNREACHABLE_CODE = YES;
				CLANG_WARN__DUPLICATE_METHOD_MATCH = YES;
				CODE_SIGN_IDENTITY = "iPhone Developer";
				COPY_PHASE_STRIP = NO;
				DEBUG_INFORMATION_FORMAT = dwarf;
				ENABLE_STRICT_OBJC_MSGSEND = YES;
				ENABLE_TESTABILITY = YES;
				GCC_C_LANGUAGE_STANDARD = gnu11;
				GCC_DYNAMIC_NO_PIC = NO;
				GCC_NO_COMMON_BLOCKS = YES;
				GCC_OPTIMIZATION_LEVEL = 0;
				GCC_PREPROCESSOR_DEFINITIONS = (
					"DEBUG=1",
					"$(inherited)",
				);
				GCC_WARN_64_TO_32_BIT_CONVERSION = YES;
				GCC_WARN_ABOUT_RETURN_TYPE = YES_ERROR;
				GCC_WARN_UNDECLARED_SELECTOR = YES;
				GCC_WARN_UNINITIALIZED_AUTOS = YES_AGGRESSIVE;
				GCC_WARN_UNUSED_FUNCTION = YES;
				GCC_WARN_UNUSED_VARIABLE = YES;
				IPHONEOS_DEPLOYMENT_TARGET = 12.1;
				MTL_ENABLE_DEBUG_INFO = INCLUDE_SOURCE;
				MTL_FAST_MATH = YES;
				ONLY_ACTIVE_ARCH = YES;
				SDKROOT = iphoneos;
				SWIFT_ACTIVE_COMPILATION_CONDITIONS = DEBUG;
				SWIFT_OPTIMIZATION_LEVEL = "-Onone";
			};
			name = Debug;
		};
		27A4DAEA21B7785F00DC41A9 /* Release */ = {
			isa = XCBuildConfiguration;
			buildSettings = {
				ALWAYS_SEARCH_USER_PATHS = NO;
				CLANG_ANALYZER_NONNULL = YES;
				CLANG_ANALYZER_NUMBER_OBJECT_CONVERSION = YES_AGGRESSIVE;
				CLANG_CXX_LANGUAGE_STANDARD = "gnu++14";
				CLANG_CXX_LIBRARY = "libc++";
				CLANG_ENABLE_MODULES = YES;
				CLANG_ENABLE_OBJC_ARC = YES;
				CLANG_ENABLE_OBJC_WEAK = YES;
				CLANG_WARN_BLOCK_CAPTURE_AUTORELEASING = YES;
				CLANG_WARN_BOOL_CONVERSION = YES;
				CLANG_WARN_COMMA = YES;
				CLANG_WARN_CONSTANT_CONVERSION = YES;
				CLANG_WARN_DEPRECATED_OBJC_IMPLEMENTATIONS = YES;
				CLANG_WARN_DIRECT_OBJC_ISA_USAGE = YES_ERROR;
				CLANG_WARN_DOCUMENTATION_COMMENTS = YES;
				CLANG_WARN_EMPTY_BODY = YES;
				CLANG_WARN_ENUM_CONVERSION = YES;
				CLANG_WARN_INFINITE_RECURSION = YES;
				CLANG_WARN_INT_CONVERSION = YES;
				CLANG_WARN_NON_LITERAL_NULL_CONVERSION = YES;
				CLANG_WARN_OBJC_IMPLICIT_RETAIN_SELF = YES;
				CLANG_WARN_OBJC_LITERAL_CONVERSION = YES;
				CLANG_WARN_OBJC_ROOT_CLASS = YES_ERROR;
				CLANG_WARN_RANGE_LOOP_ANALYSIS = YES;
				CLANG_WARN_STRICT_PROTOTYPES = YES;
				CLANG_WARN_SUSPICIOUS_MOVE = YES;
				CLANG_WARN_UNGUARDED_AVAILABILITY = YES_AGGRESSIVE;
				CLANG_WARN_UNREACHABLE_CODE = YES;
				CLANG_WARN__DUPLICATE_METHOD_MATCH = YES;
				CODE_SIGN_IDENTITY = "iPhone Developer";
				COPY_PHASE_STRIP = NO;
				DEBUG_INFORMATION_FORMAT = "dwarf-with-dsym";
				ENABLE_NS_ASSERTIONS = NO;
				ENABLE_STRICT_OBJC_MSGSEND = YES;
				GCC_C_LANGUAGE_STANDARD = gnu11;
				GCC_NO_COMMON_BLOCKS = YES;
				GCC_WARN_64_TO_32_BIT_CONVERSION = YES;
				GCC_WARN_ABOUT_RETURN_TYPE = YES_ERROR;
				GCC_WARN_UNDECLARED_SELECTOR = YES;
				GCC_WARN_UNINITIALIZED_AUTOS = YES_AGGRESSIVE;
				GCC_WARN_UNUSED_FUNCTION = YES;
				GCC_WARN_UNUSED_VARIABLE = YES;
				IPHONEOS_DEPLOYMENT_TARGET = 12.1;
				MTL_ENABLE_DEBUG_INFO = NO;
				MTL_FAST_MATH = YES;
				SDKROOT = iphoneos;
				SWIFT_COMPILATION_MODE = wholemodule;
				SWIFT_OPTIMIZATION_LEVEL = "-O";
				VALIDATE_PRODUCT = YES;
			};
			name = Release;
		};
		27A4DAEC21B7785F00DC41A9 /* Debug */ = {
			isa = XCBuildConfiguration;
			buildSettings = {
				ALWAYS_EMBED_SWIFT_STANDARD_LIBRARIES = YES;
				ASSETCATALOG_COMPILER_APPICON_NAME = AppIcon;
				CODE_SIGN_STYLE = Automatic;
				INFOPLIST_FILE = iot/Info.plist;
				LD_RUNPATH_SEARCH_PATHS = (
					"$(inherited)",
					"@executable_path/Frameworks",
				);
				PRODUCT_BUNDLE_IDENTIFIER = com.dt.iot;
				PRODUCT_NAME = "$(TARGET_NAME)";
				SWIFT_VERSION = 4.2;
				TARGETED_DEVICE_FAMILY = "1,2";
			};
			name = Debug;
		};
		27A4DAED21B7785F00DC41A9 /* Release */ = {
			isa = XCBuildConfiguration;
			buildSettings = {
				ALWAYS_EMBED_SWIFT_STANDARD_LIBRARIES = YES;
				ASSETCATALOG_COMPILER_APPICON_NAME = AppIcon;
				CODE_SIGN_STYLE = Automatic;
				INFOPLIST_FILE = iot/Info.plist;
				LD_RUNPATH_SEARCH_PATHS = (
					"$(inherited)",
					"@executable_path/Frameworks",
				);
				PRODUCT_BUNDLE_IDENTIFIER = com.dt.iot;
				PRODUCT_NAME = "$(TARGET_NAME)";
				SWIFT_VERSION = 4.2;
				TARGETED_DEVICE_FAMILY = "1,2";
			};
			name = Release;
		};
/* End XCBuildConfiguration section */

/* Begin XCConfigurationList section */
		27A4DAD421B7785E00DC41A9 /* Build configuration list for PBXProject "iot" */ = {
			isa = XCConfigurationList;
			buildConfigurations = (
				27A4DAE921B7785F00DC41A9 /* Debug */,
				27A4DAEA21B7785F00DC41A9 /* Release */,
			);
			defaultConfigurationIsVisible = 0;
			defaultConfigurationName = Release;
		};
		27A4DAEB21B7785F00DC41A9 /* Build configuration list for PBXNativeTarget "iot" */ = {
			isa = XCConfigurationList;
			buildConfigurations = (
				27A4DAEC21B7785F00DC41A9 /* Debug */,
				27A4DAED21B7785F00DC41A9 /* Release */,
			);
			defaultConfigurationIsVisible = 0;
			defaultConfigurationName = Release;
		};
/* End XCConfigurationList section */
	};
	rootObject = 27A4DAD121B7785E00DC41A9 /* Project object */;
}
